
Microsoft Visual Studio Solution File, Format Version 12.00
# Visual Studio 15
VisualStudioVersion = 15.0.27130.2027
MinimumVisualStudioVersion = 10.0.40219.1
Project("{8BC9CEB8-8B4A-11D0-8D11-00A0C91BC942}") = "Problem1", "Problem1\Problem1.vcxproj", "{CB7EC5DF-2976-4055-AE58-64ED95F0FEDF}"
EndProject
Project("{8BC9CEB8-8B4A-11D0-8D11-00A0C91BC942}") = "Problem2", "Problem2\Problem2.vcxproj", "{7C4526DC-3096-47DB-A81F-072113F2B768}"
EndProject
Project("{8BC9CEB8-8B4A-11D0-8D11-00A0C91BC942}") = "Problem3", "Problem3\Problem3.vcxproj", "{84C5F27A-EACD-4F01-AFA2-25CD24559661}"
	ProjectSection(ProjectDependencies) = postProject
		{60790FB6-386E-4849-BE31-5081D004D2EC} = {60790FB6-386E-4849-BE31-5081D004D2EC}
	EndProjectSection
EndProject
Project("{8BC9CEB8-8B4A-11D0-8D11-00A0C91BC942}") = "Problem4", "Problem4\Problem4.vcxproj", "{16AD4F35-2151-4F9F-96A4-3284E77E8183}"
	ProjectSection(ProjectDependencies) = postProject
		{60790FB6-386E-4849-BE31-5081D004D2EC} = {60790FB6-386E-4849-BE31-5081D004D2EC}
	EndProjectSection
EndProject
Project("{8BC9CEB8-8B4A-11D0-8D11-00A0C91BC942}") = "CommonFunction", "CommonFunction\Commonfunction.vcxproj", "{60790FB6-386E-4849-BE31-5081D004D2EC}"
EndProject
Project("{8BC9CEB8-8B4A-11D0-8D11-00A0C91BC942}") = "Problem5", "Problem5\Problem5.vcxproj", "{06F48CF7-2AFD-433D-8BC2-AF3B60F4E3F4}"
EndProject
Project("{8BC9CEB8-8B4A-11D0-8D11-00A0C91BC942}") = "Problem6", "Problem6\Problem6.vcxproj", "{87C44B96-C2B4-461D-BFDF-88A2CD99DA2E}"
EndProject
Project("{8BC9CEB8-8B4A-11D0-8D11-00A0C91BC942}") = "Problem7", "Problem7\Problem7.vcxproj", "{D6CE4A1F-96E9-4A4C-BA97-692CF9986D93}"
	ProjectSection(ProjectDependencies) = postProject
		{60790FB6-386E-4849-BE31-5081D004D2EC} = {60790FB6-386E-4849-BE31-5081D004D2EC}
	EndProjectSection
EndProject
Project("{8BC9CEB8-8B4A-11D0-8D11-00A0C91BC942}") = "Problem8", "Problem8\Problem8.vcxproj", "{C965B982-440F-4CBC-8A14-EB58BE8FA017}"
EndProject
Global
	GlobalSection(SolutionConfigurationPlatforms) = preSolution
		Debug|x64 = Debug|x64
		Debug|x86 = Debug|x86
		Release|x64 = Release|x64
		Release|x86 = Release|x86
	EndGlobalSection
	GlobalSection(ProjectConfigurationPlatforms) = postSolution
		{CB7EC5DF-2976-4055-AE58-64ED95F0FEDF}.Debug|x64.ActiveCfg = Debug|x64
		{CB7EC5DF-2976-4055-AE58-64ED95F0FEDF}.Debug|x64.Build.0 = Debug|x64
		{CB7EC5DF-2976-4055-AE58-64ED95F0FEDF}.Debug|x86.ActiveCfg = Debug|Win32
		{CB7EC5DF-2976-4055-AE58-64ED95F0FEDF}.Debug|x86.Build.0 = Debug|Win32
		{CB7EC5DF-2976-4055-AE58-64ED95F0FEDF}.Release|x64.ActiveCfg = Release|x64
		{CB7EC5DF-2976-4055-AE58-64ED95F0FEDF}.Release|x64.Build.0 = Release|x64
		{CB7EC5DF-2976-4055-AE58-64ED95F0FEDF}.Release|x86.ActiveCfg = Release|Win32
		{CB7EC5DF-2976-4055-AE58-64ED95F0FEDF}.Release|x86.Build.0 = Release|Win32
		{7C4526DC-3096-47DB-A81F-072113F2B768}.Debug|x64.ActiveCfg = Debug|x64
		{7C4526DC-3096-47DB-A81F-072113F2B768}.Debug|x64.Build.0 = Debug|x64
		{7C4526DC-3096-47DB-A81F-072113F2B768}.Debug|x86.ActiveCfg = Debug|Win32
		{7C4526DC-3096-47DB-A81F-072113F2B768}.Debug|x86.Build.0 = Debug|Win32
		{7C4526DC-3096-47DB-A81F-072113F2B768}.Release|x64.ActiveCfg = Release|x64
		{7C4526DC-3096-47DB-A81F-072113F2B768}.Release|x64.Build.0 = Release|x64
		{7C4526DC-3096-47DB-A81F-072113F2B768}.Release|x86.ActiveCfg = Release|Win32
		{7C4526DC-3096-47DB-A81F-072113F2B768}.Release|x86.Build.0 = Release|Win32
		{84C5F27A-EACD-4F01-AFA2-25CD24559661}.Debug|x64.ActiveCfg = Debug|x64
		{84C5F27A-EACD-4F01-AFA2-25CD24559661}.Debug|x64.Build.0 = Debug|x64
		{84C5F27A-EACD-4F01-AFA2-25CD24559661}.Debug|x86.ActiveCfg = Debug|Win32
		{84C5F27A-EACD-4F01-AFA2-25CD24559661}.Debug|x86.Build.0 = Debug|Win32
		{84C5F27A-EACD-4F01-AFA2-25CD24559661}.Release|x64.ActiveCfg = Release|x64
		{84C5F27A-EACD-4F01-AFA2-25CD24559661}.Release|x64.Build.0 = Release|x64
		{84C5F27A-EACD-4F01-AFA2-25CD24559661}.Release|x86.ActiveCfg = Release|Win32
		{84C5F27A-EACD-4F01-AFA2-25CD24559661}.Release|x86.Build.0 = Release|Win32
		{16AD4F35-2151-4F9F-96A4-3284E77E8183}.Debug|x64.ActiveCfg = Debug|x64
		{16AD4F35-2151-4F9F-96A4-3284E77E8183}.Debug|x64.Build.0 = Debug|x64
		{16AD4F35-2151-4F9F-96A4-3284E77E8183}.Debug|x86.ActiveCfg = Debug|Win32
		{16AD4F35-2151-4F9F-96A4-3284E77E8183}.Debug|x86.Build.0 = Debug|Win32
		{16AD4F35-2151-4F9F-96A4-3284E77E8183}.Release|x64.ActiveCfg = Release|x64
		{16AD4F35-2151-4F9F-96A4-3284E77E8183}.Release|x64.Build.0 = Release|x64
		{16AD4F35-2151-4F9F-96A4-3284E77E8183}.Release|x86.ActiveCfg = Release|Win32
		{16AD4F35-2151-4F9F-96A4-3284E77E8183}.Release|x86.Build.0 = Release|Win32
		{60790FB6-386E-4849-BE31-5081D004D2EC}.Debug|x64.ActiveCfg = Debug|x64
		{60790FB6-386E-4849-BE31-5081D004D2EC}.Debug|x64.Build.0 = Debug|x64
		{60790FB6-386E-4849-BE31-5081D004D2EC}.Debug|x86.ActiveCfg = Debug|Win32
		{60790FB6-386E-4849-BE31-5081D004D2EC}.Debug|x86.Build.0 = Debug|Win32
		{60790FB6-386E-4849-BE31-5081D004D2EC}.Release|x64.ActiveCfg = Release|x64
		{60790FB6-386E-4849-BE31-5081D004D2EC}.Release|x64.Build.0 = Release|x64
		{60790FB6-386E-4849-BE31-5081D004D2EC}.Release|x86.ActiveCfg = Release|Win32
		{60790FB6-386E-4849-BE31-5081D004D2EC}.Release|x86.Build.0 = Release|Win32
		{06F48CF7-2AFD-433D-8BC2-AF3B60F4E3F4}.Debug|x64.ActiveCfg = Debug|x64
		{06F48CF7-2AFD-433D-8BC2-AF3B60F4E3F4}.Debug|x64.Build.0 = Debug|x64
		{06F48CF7-2AFD-433D-8BC2-AF3B60F4E3F4}.Debug|x86.ActiveCfg = Debug|Win32
		{06F48CF7-2AFD-433D-8BC2-AF3B60F4E3F4}.Debug|x86.Build.0 = Debug|Win32
		{06F48CF7-2AFD-433D-8BC2-AF3B60F4E3F4}.Release|x64.ActiveCfg = Release|x64
		{06F48CF7-2AFD-433D-8BC2-AF3B60F4E3F4}.Release|x64.Build.0 = Release|x64
		{06F48CF7-2AFD-433D-8BC2-AF3B60F4E3F4}.Release|x86.ActiveCfg = Release|Win32
		{06F48CF7-2AFD-433D-8BC2-AF3B60F4E3F4}.Release|x86.Build.0 = Release|Win32
		{87C44B96-C2B4-461D-BFDF-88A2CD99DA2E}.Debug|x64.ActiveCfg = Debug|x64
		{87C44B96-C2B4-461D-BFDF-88A2CD99DA2E}.Debug|x64.Build.0 = Debug|x64
		{87C44B96-C2B4-461D-BFDF-88A2CD99DA2E}.Debug|x86.ActiveCfg = Debug|Win32
		{87C44B96-C2B4-461D-BFDF-88A2CD99DA2E}.Debug|x86.Build.0 = Debug|Win32
		{87C44B96-C2B4-461D-BFDF-88A2CD99DA2E}.Release|x64.ActiveCfg = Release|x64
		{87C44B96-C2B4-461D-BFDF-88A2CD99DA2E}.Release|x64.Build.0 = Release|x64
		{87C44B96-C2B4-461D-BFDF-88A2CD99DA2E}.Release|x86.ActiveCfg = Release|Win32
		{87C44B96-C2B4-461D-BFDF-88A2CD99DA2E}.Release|x86.Build.0 = Release|Win32
		{D6CE4A1F-96E9-4A4C-BA97-692CF9986D93}.Debug|x64.ActiveCfg = Debug|x64
		{D6CE4A1F-96E9-4A4C-BA97-692CF9986D93}.Debug|x64.Build.0 = Debug|x64
		{D6CE4A1F-96E9-4A4C-BA97-692CF9986D93}.Debug|x86.ActiveCfg = Debug|Win32
		{D6CE4A1F-96E9-4A4C-BA97-692CF9986D93}.Debug|x86.Build.0 = Debug|Win32
		{D6CE4A1F-96E9-4A4C-BA97-692CF9986D93}.Release|x64.ActiveCfg = Release|x64
		{D6CE4A1F-96E9-4A4C-BA97-692CF9986D93}.Release|x64.Build.0 = Release|x64
		{D6CE4A1F-96E9-4A4C-BA97-692CF9986D93}.Release|x86.ActiveCfg = Release|Win32
		{D6CE4A1F-96E9-4A4C-BA97-692CF9986D93}.Release|x86.Build.0 = Release|Win32
		{C965B982-440F-4CBC-8A14-EB58BE8FA017}.Debug|x64.ActiveCfg = Debug|x64
		{C965B982-440F-4CBC-8A14-EB58BE8FA017}.Debug|x64.Build.0 = Debug|x64
		{C965B982-440F-4CBC-8A14-EB58BE8FA017}.Debug|x86.ActiveCfg = Debug|Win32
		{C965B982-440F-4CBC-8A14-EB58BE8FA017}.Debug|x86.Build.0 = Debug|Win32
		{C965B982-440F-4CBC-8A14-EB58BE8FA017}.Release|x64.ActiveCfg = Release|x64
		{C965B982-440F-4CBC-8A14-EB58BE8FA017}.Release|x64.Build.0 = Release|x64
		{C965B982-440F-4CBC-8A14-EB58BE8FA017}.Release|x86.ActiveCfg = Release|Win32
		{C965B982-440F-4CBC-8A14-EB58BE8FA017}.Release|x86.Build.0 = Release|Win32
	EndGlobalSection
	GlobalSection(SolutionProperties) = preSolution
		HideSolutionNode = FALSE
	EndGlobalSection
	GlobalSection(ExtensibilityGlobals) = postSolution
		SolutionGuid = {524407CF-1E04-4C81-977F-80C7F93F9ED2}
	EndGlobalSection
EndGlobal
